{
    "name": "vscode-yseopml",
    "version": "1.0.1",
    "lockfileVersion": 1,
    "requires": true,
    "dependencies": {
        "@types/mocha": {
            "version": "2.2.48",
            "resolved": "https://registry.npmjs.org/@types/mocha/-/mocha-2.2.48.tgz",
            "integrity": "sha512-nlK/iyETgafGli8Zh9zJVCTicvU3iajSkRwOh3Hhiva598CMqNJ4NcVCGMTGKpGpTYj/9R8RLzS9NAykSSCqGw=="
        },
        "@types/node": {
            "version": "6.0.111",
            "resolved": "https://registry.npmjs.org/@types/node/-/node-6.0.111.tgz",
            "integrity": "sha512-DoWK5a544Jcr6C1qBadalyj3gQT5V9B87qFBb+uOOq1Id309Lbe10zwsCGCURZEOBoS/pOsmbDN4FnD4sOwJaw=="
        },
        "antlr4ts": {
            "version": "0.4.1-alpha.0",
            "resolved": "https://registry.npmjs.org/antlr4ts/-/antlr4ts-0.4.1-alpha.0.tgz",
            "integrity": "sha1-rFcX8w8++jYXsATo/0+GC5x9TSA="
        },
        "antlr4ts-cli": {
            "version": "0.4.0-alpha.4",
            "resolved": "https://registry.npmjs.org/antlr4ts-cli/-/antlr4ts-cli-0.4.0-alpha.4.tgz",
            "integrity": "sha1-q0MHNoewNPaiWx9GpYG/ecbCjdc="
        },
        "sax": {
            "version": "1.2.4",
            "resolved": "https://registry.npmjs.org/sax/-/sax-1.2.4.tgz",
            "integrity": "sha512-NqVDv9TpANUjFm0N8uM5GxL36UgKi9/atZw+x7YFnQ8ckwFGKrl4xX4yWtrey3UJm5nP1kUbnYgLopqWNSRhWw=="
        },
        "typescript": {
            "version": "2.8.3",
            "resolved": "https://registry.npmjs.org/typescript/-/typescript-2.8.3.tgz",
            "integrity": "sha512-K7g15Bb6Ra4lKf7Iq2l/I5/En+hLIHmxWZGq3D4DIRNFxMNV6j2SHSvDOqs2tGd4UvD/fJvrwopzQXjLrT7Itw=="
        },
        "vscode-languageserver": {
            "version": "3.5.0",
            "resolved": "https://registry.npmjs.org/vscode-languageserver/-/vscode-languageserver-3.5.0.tgz",
            "integrity": "sha1-0oCZvG3dqMHdFrcH5FThsd2uDbo=",
            "requires": {
                "vscode-languageserver-protocol": "3.5.0",
                "vscode-uri": "1.0.1"
            },
            "dependencies": {
                "vscode-jsonrpc": {
                    "version": "3.5.0",
                    "resolved": "https://registry.npmjs.org/vscode-jsonrpc/-/vscode-jsonrpc-3.5.0.tgz",
                    "integrity": "sha1-hyOdnhZrLXNSJFuKgTWXgEwdY6o="
                },
                "vscode-languageserver-protocol": {
                    "version": "3.5.0",
                    "resolved": "https://registry.npmjs.org/vscode-languageserver-protocol/-/vscode-languageserver-protocol-3.5.0.tgz",
                    "integrity": "sha1-Bnxcvidwl5U5jRGWksl+u6FFIgk=",
                    "requires": {
                        "vscode-jsonrpc": "3.5.0",
                        "vscode-languageserver-types": "3.5.0"
                    }
                },
                "vscode-languageserver-types": {
                    "version": "3.5.0",
                    "resolved": "https://registry.npmjs.org/vscode-languageserver-types/-/vscode-languageserver-types-3.5.0.tgz",
                    "integrity": "sha1-5I15li8LjgLelV4/UkkI4rGcA3Q="
                },
                "vscode-uri": {
                    "version": "1.0.1",
                    "resolved": "https://registry.npmjs.org/vscode-uri/-/vscode-uri-1.0.1.tgz",
                    "integrity": "sha1-Eahr7+rDxKo+wIYjZRo8gabQu8g="
                }
            }
        },
        "xml2js": {
            "version": "0.4.19",
            "resolved": "https://registry.npmjs.org/xml2js/-/xml2js-0.4.19.tgz",
            "integrity": "sha512-esZnJZJOiJR9wWKMyuvSE1y6Dq5LCuJanqhxslH2bxM6duahNZ+HMpCLhBQGZkbX6xRf8x1Y2eJlgt2q3qo49Q==",
            "requires": {
                "sax": "1.2.4",
                "xmlbuilder": "9.0.7"
            }
        },
        "xmlbuilder": {
            "version": "9.0.7",
            "resolved": "https://registry.npmjs.org/xmlbuilder/-/xmlbuilder-9.0.7.tgz",
            "integrity": "sha1-Ey7mPS7FVlxVfiD0wi35rKaGsQ0="
        }
    }
}
